
Microsoft Visual Studio Solution File, Format Version 12.00
# Visual Studio Version 16
VisualStudioVersion = 16.0.31605.320
MinimumVisualStudioVersion = 10.0.40219.1
Project("{FAE04EC0-301F-11D3-BF4B-00C04F79EFBC}") = "GamerMediaApi", "GamerMediaApi\GamerMediaApi.csproj", "{B369A668-3407-4A1E-BF41-FBBEA001C979}"
EndProject
Project("{FAE04EC0-301F-11D3-BF4B-00C04F79EFBC}") = "Domain", "Domain\Domain.csproj", "{57140FE8-55A0-4626-9607-9519B68959E9}"
EndProject
Project("{FAE04EC0-301F-11D3-BF4B-00C04F79EFBC}") = "DataAccess", "DataAccess\DataAccess.csproj", "{CA254961-9BEA-4692-8BE1-B44B1A4F739C}"
EndProject
Global
	GlobalSection(SolutionConfigurationPlatforms) = preSolution
		Debug|Any CPU = Debug|Any CPU
		Release|Any CPU = Release|Any CPU
	EndGlobalSection
	GlobalSection(ProjectConfigurationPlatforms) = postSolution
		{B369A668-3407-4A1E-BF41-FBBEA001C979}.Debug|Any CPU.ActiveCfg = Debug|Any CPU
		{B369A668-3407-4A1E-BF41-FBBEA001C979}.Debug|Any CPU.Build.0 = Debug|Any CPU
		{B369A668-3407-4A1E-BF41-FBBEA001C979}.Release|Any CPU.ActiveCfg = Release|Any CPU
		{B369A668-3407-4A1E-BF41-FBBEA001C979}.Release|Any CPU.Build.0 = Release|Any CPU
		{57140FE8-55A0-4626-9607-9519B68959E9}.Debug|Any CPU.ActiveCfg = Debug|Any CPU
		{57140FE8-55A0-4626-9607-9519B68959E9}.Debug|Any CPU.Build.0 = Debug|Any CPU
		{57140FE8-55A0-4626-9607-9519B68959E9}.Release|Any CPU.ActiveCfg = Release|Any CPU
		{57140FE8-55A0-4626-9607-9519B68959E9}.Release|Any CPU.Build.0 = Release|Any CPU
		{CA254961-9BEA-4692-8BE1-B44B1A4F739C}.Debug|Any CPU.ActiveCfg = Debug|Any CPU
		{CA254961-9BEA-4692-8BE1-B44B1A4F739C}.Debug|Any CPU.Build.0 = Debug|Any CPU
		{CA254961-9BEA-4692-8BE1-B44B1A4F739C}.Release|Any CPU.ActiveCfg = Release|Any CPU
		{CA254961-9BEA-4692-8BE1-B44B1A4F739C}.Release|Any CPU.Build.0 = Release|Any CPU
	EndGlobalSection
	GlobalSection(SolutionProperties) = preSolution
		HideSolutionNode = FALSE
	EndGlobalSection
	GlobalSection(ExtensibilityGlobals) = postSolution
		SolutionGuid = {7927E6DD-0277-4512-B351-33344D286DBC}
	EndGlobalSection
EndGlobal
