
Microsoft Visual Studio Solution File, Format Version 12.00
# Visual Studio Version 16
VisualStudioVersion = 16.0.31605.320
MinimumVisualStudioVersion = 10.0.40219.1
Project("{FAE04EC0-301F-11D3-BF4B-00C04F79EFBC}") = "AlexProof", "AlexProof\AlexProof.csproj", "{3338E01C-498C-4554-9A7E-E4F4E3755547}"
EndProject
Project("{FAE04EC0-301F-11D3-BF4B-00C04F79EFBC}") = "DataAccess", "DataAccess\DataAccess.csproj", "{C2A68593-E890-4CC7-9DDC-1F26A04C26D0}"
EndProject
Project("{FAE04EC0-301F-11D3-BF4B-00C04F79EFBC}") = "Domain", "Domain\Domain.csproj", "{0DC52F58-23ED-4E82-8128-329E9C9ACECF}"
EndProject
Global
	GlobalSection(SolutionConfigurationPlatforms) = preSolution
		Debug|Any CPU = Debug|Any CPU
		Release|Any CPU = Release|Any CPU
	EndGlobalSection
	GlobalSection(ProjectConfigurationPlatforms) = postSolution
		{3338E01C-498C-4554-9A7E-E4F4E3755547}.Debug|Any CPU.ActiveCfg = Debug|Any CPU
		{3338E01C-498C-4554-9A7E-E4F4E3755547}.Debug|Any CPU.Build.0 = Debug|Any CPU
		{3338E01C-498C-4554-9A7E-E4F4E3755547}.Release|Any CPU.ActiveCfg = Release|Any CPU
		{3338E01C-498C-4554-9A7E-E4F4E3755547}.Release|Any CPU.Build.0 = Release|Any CPU
		{C2A68593-E890-4CC7-9DDC-1F26A04C26D0}.Debug|Any CPU.ActiveCfg = Debug|Any CPU
		{C2A68593-E890-4CC7-9DDC-1F26A04C26D0}.Debug|Any CPU.Build.0 = Debug|Any CPU
		{C2A68593-E890-4CC7-9DDC-1F26A04C26D0}.Release|Any CPU.ActiveCfg = Release|Any CPU
		{C2A68593-E890-4CC7-9DDC-1F26A04C26D0}.Release|Any CPU.Build.0 = Release|Any CPU
		{0DC52F58-23ED-4E82-8128-329E9C9ACECF}.Debug|Any CPU.ActiveCfg = Debug|Any CPU
		{0DC52F58-23ED-4E82-8128-329E9C9ACECF}.Debug|Any CPU.Build.0 = Debug|Any CPU
		{0DC52F58-23ED-4E82-8128-329E9C9ACECF}.Release|Any CPU.ActiveCfg = Release|Any CPU
		{0DC52F58-23ED-4E82-8128-329E9C9ACECF}.Release|Any CPU.Build.0 = Release|Any CPU
	EndGlobalSection
	GlobalSection(SolutionProperties) = preSolution
		HideSolutionNode = FALSE
	EndGlobalSection
	GlobalSection(ExtensibilityGlobals) = postSolution
		SolutionGuid = {DD109341-50DB-44EA-889C-DAA1C263AC5C}
	EndGlobalSection
EndGlobal
